Microsoft Visual Studio Solution File, Format Version 12.00
# Visual Studio Version 17
VisualStudioVersion = 17.5.2.0
MinimumVisualStudioVersion = 10.0.40219.1
Project("{FAE04EC0-301F-11D3-BF4B-00C04F79EFBC}") = "Switchproject", "Switchproject.csproj", "{46F86349-DB3C-D310-4559-83307EA49C1A}"
EndProject
Global
	GlobalSection(SolutionConfigurationPlatforms) = preSolution
		Debug|Any CPU = Debug|Any CPU
		Release|Any CPU = Release|Any CPU
	EndGlobalSection
	GlobalSection(ProjectConfigurationPlatforms) = postSolution
		{46F86349-DB3C-D310-4559-83307EA49C1A}.Debug|Any CPU.ActiveCfg = Debug|Any CPU
		{46F86349-DB3C-D310-4559-83307EA49C1A}.Debug|Any CPU.Build.0 = Debug|Any CPU
		{46F86349-DB3C-D310-4559-83307EA49C1A}.Release|Any CPU.ActiveCfg = Release|Any CPU
		{46F86349-DB3C-D310-4559-83307EA49C1A}.Release|Any CPU.Build.0 = Release|Any CPU
	EndGlobalSection
	GlobalSection(SolutionProperties) = preSolution
		HideSolutionNode = FALSE
	EndGlobalSection
	GlobalSection(ExtensibilityGlobals) = postSolution
		SolutionGuid = {002A43D1-972F-40FA-96B2-9A9AB8AA6B91}
	EndGlobalSection
EndGlobal
